// !$*UTF8*$!
{
	archiveVersion = 1;
	classes = {
	};
	objectVersion = 56;
	objects = {

/* Begin PBXBuildFile section */
		63186C842A543E8200F4AD28 /* AppDelegate.swift in Sources */ = {isa = PBXBuildFile; fileRef = 63186C832A543E8200F4AD28 /* AppDelegate.swift */; };
		63186C862A543E8200F4AD28 /* SceneDelegate.swift in Sources */ = {isa = PBXBuildFile; fileRef = 63186C852A543E8200F4AD28 /* SceneDelegate.swift */; };
		63186C882A543E8200F4AD28 /* RMTabBarController.swift in Sources */ = {isa = PBXBuildFile; fileRef = 63186C872A543E8200F4AD28 /* RMTabBarController.swift */; };
		63186C8D2A543E8400F4AD28 /* Assets.xcassets in Resources */ = {isa = PBXBuildFile; fileRef = 63186C8C2A543E8400F4AD28 /* Assets.xcassets */; };
		63186C902A543E8400F4AD28 /* LaunchScreen.storyboard in Resources */ = {isa = PBXBuildFile; fileRef = 63186C8E2A543E8400F4AD28 /* LaunchScreen.storyboard */; };
		63186C9F2A54432C00F4AD28 /* RMLocation.swift in Sources */ = {isa = PBXBuildFile; fileRef = 63186C9E2A54432C00F4AD28 /* RMLocation.swift */; };
		63186CA12A54434400F4AD28 /* RMCharacter.swift in Sources */ = {isa = PBXBuildFile; fileRef = 63186CA02A54434400F4AD28 /* RMCharacter.swift */; };
		63186CA32A54435E00F4AD28 /* RMEpisode.swift in Sources */ = {isa = PBXBuildFile; fileRef = 63186CA22A54435E00F4AD28 /* RMEpisode.swift */; };
		63186CA62A54449000F4AD28 /* RMCharacterViewController.swift in Sources */ = {isa = PBXBuildFile; fileRef = 63186CA52A54449000F4AD28 /* RMCharacterViewController.swift */; };
		63186CA82A5444AE00F4AD28 /* RMLocationViewController.swift in Sources */ = {isa = PBXBuildFile; fileRef = 63186CA72A5444AE00F4AD28 /* RMLocationViewController.swift */; };
		63186CAA2A5444D400F4AD28 /* RMEpisodeViewController.swift in Sources */ = {isa = PBXBuildFile; fileRef = 63186CA92A5444D400F4AD28 /* RMEpisodeViewController.swift */; };
		63186CAC2A5444E700F4AD28 /* RMSettingsViewController.swift in Sources */ = {isa = PBXBuildFile; fileRef = 63186CAB2A5444E700F4AD28 /* RMSettingsViewController.swift */; };
/* End PBXBuildFile section */

/* Begin PBXFileReference section */
		63186C802A543E8200F4AD28 /* RickAndMorty.app */ = {isa = PBXFileReference; explicitFileType = wrapper.application; includeInIndex = 0; path = RickAndMorty.app; sourceTree = BUILT_PRODUCTS_DIR; };
		63186C832A543E8200F4AD28 /* AppDelegate.swift */ = {isa = PBXFileReference; lastKnownFileType = sourcecode.swift; path = AppDelegate.swift; sourceTree = "<group>"; };
		63186C852A543E8200F4AD28 /* SceneDelegate.swift */ = {isa = PBXFileReference; lastKnownFileType = sourcecode.swift; path = SceneDelegate.swift; sourceTree = "<group>"; };
		63186C872A543E8200F4AD28 /* RMTabBarController.swift */ = {isa = PBXFileReference; lastKnownFileType = sourcecode.swift; path = RMTabBarController.swift; sourceTree = "<group>"; };
		63186C8C2A543E8400F4AD28 /* Assets.xcassets */ = {isa = PBXFileReference; lastKnownFileType = folder.assetcatalog; path = Assets.xcassets; sourceTree = "<group>"; };
		63186C8F2A543E8400F4AD28 /* Base */ = {isa = PBXFileReference; lastKnownFileType = file.storyboard; name = Base; path = Base.lproj/LaunchScreen.storyboard; sourceTree = "<group>"; };
		63186C912A543E8400F4AD28 /* Info.plist */ = {isa = PBXFileReference; lastKnownFileType = text.plist.xml; path = Info.plist; sourceTree = "<group>"; };
		63186C9E2A54432C00F4AD28 /* RMLocation.swift */ = {isa = PBXFileReference; lastKnownFileType = sourcecode.swift; path = RMLocation.swift; sourceTree = "<group>"; };
		63186CA02A54434400F4AD28 /* RMCharacter.swift */ = {isa = PBXFileReference; lastKnownFileType = sourcecode.swift; path = RMCharacter.swift; sourceTree = "<group>"; };
		63186CA22A54435E00F4AD28 /* RMEpisode.swift */ = {isa = PBXFileReference; lastKnownFileType = sourcecode.swift; path = RMEpisode.swift; sourceTree = "<group>"; };
		63186CA52A54449000F4AD28 /* RMCharacterViewController.swift */ = {isa = PBXFileReference; lastKnownFileType = sourcecode.swift; path = RMCharacterViewController.swift; sourceTree = "<group>"; };
		63186CA72A5444AE00F4AD28 /* RMLocationViewController.swift */ = {isa = PBXFileReference; lastKnownFileType = sourcecode.swift; path = RMLocationViewController.swift; sourceTree = "<group>"; };
		63186CA92A5444D400F4AD28 /* RMEpisodeViewController.swift */ = {isa = PBXFileReference; lastKnownFileType = sourcecode.swift; path = RMEpisodeViewController.swift; sourceTree = "<group>"; };
		63186CAB2A5444E700F4AD28 /* RMSettingsViewController.swift */ = {isa = PBXFileReference; lastKnownFileType = sourcecode.swift; path = RMSettingsViewController.swift; sourceTree = "<group>"; };
/* End PBXFileReference section */

/* Begin PBXFrameworksBuildPhase section */
		63186C7D2A543E8200F4AD28 /* Frameworks */ = {
			isa = PBXFrameworksBuildPhase;
			buildActionMask = 2147483647;
			files = (
			);
			runOnlyForDeploymentPostprocessing = 0;
		};
/* End PBXFrameworksBuildPhase section */

/* Begin PBXGroup section */
		63186C772A543E8200F4AD28 = {
			isa = PBXGroup;
			children = (
				63186C822A543E8200F4AD28 /* RickAndMorty */,
				63186C812A543E8200F4AD28 /* Products */,
			);
			sourceTree = "<group>";
		};
		63186C812A543E8200F4AD28 /* Products */ = {
			isa = PBXGroup;
			children = (
				63186C802A543E8200F4AD28 /* RickAndMorty.app */,
			);
			name = Products;
			sourceTree = "<group>";
		};
		63186C822A543E8200F4AD28 /* RickAndMorty */ = {
			isa = PBXGroup;
			children = (
				63186C9D2A54427800F4AD28 /* Resources */,
				63186C9C2A54426F00F4AD28 /* Managers */,
				63186C9B2A54426600F4AD28 /* APIClient */,
				63186C9A2A54425C00F4AD28 /* ViewModels */,
				63186C992A54425000F4AD28 /* Views */,
				63186C982A54424400F4AD28 /* Models */,
				63186C972A54421B00F4AD28 /* Controllers */,
				63186C912A543E8400F4AD28 /* Info.plist */,
			);
			path = RickAndMorty;
			sourceTree = "<group>";
		};
		63186C972A54421B00F4AD28 /* Controllers */ = {
			isa = PBXGroup;
			children = (
				63186CA42A54445800F4AD28 /* Core */,
			);
			path = Controllers;
			sourceTree = "<group>";
		};
		63186C982A54424400F4AD28 /* Models */ = {
			isa = PBXGroup;
			children = (
				63186C9E2A54432C00F4AD28 /* RMLocation.swift */,
				63186CA02A54434400F4AD28 /* RMCharacter.swift */,
				63186CA22A54435E00F4AD28 /* RMEpisode.swift */,
			);
			path = Models;
			sourceTree = "<group>";
		};
		63186C992A54425000F4AD28 /* Views */ = {
			isa = PBXGroup;
			children = (
			);
			path = Views;
			sourceTree = "<group>";
		};
		63186C9A2A54425C00F4AD28 /* ViewModels */ = {
			isa = PBXGroup;
			children = (
			);
			path = ViewModels;
			sourceTree = "<group>";
		};
		63186C9B2A54426600F4AD28 /* APIClient */ = {
			isa = PBXGroup;
			children = (
			);
			path = APIClient;
			sourceTree = "<group>";
		};
		63186C9C2A54426F00F4AD28 /* Managers */ = {
			isa = PBXGroup;
			children = (
			);
			path = Managers;
			sourceTree = "<group>";
		};
		63186C9D2A54427800F4AD28 /* Resources */ = {
			isa = PBXGroup;
			children = (
				63186C8C2A543E8400F4AD28 /* Assets.xcassets */,
				63186C8E2A543E8400F4AD28 /* LaunchScreen.storyboard */,
				63186C832A543E8200F4AD28 /* AppDelegate.swift */,
				63186C852A543E8200F4AD28 /* SceneDelegate.swift */,
			);
			path = Resources;
			sourceTree = "<group>";
		};
		63186CA42A54445800F4AD28 /* Core */ = {
			isa = PBXGroup;
			children = (
				63186C872A543E8200F4AD28 /* RMTabBarController.swift */,
				63186CA52A54449000F4AD28 /* RMCharacterViewController.swift */,
				63186CA72A5444AE00F4AD28 /* RMLocationViewController.swift */,
				63186CA92A5444D400F4AD28 /* RMEpisodeViewController.swift */,
				63186CAB2A5444E700F4AD28 /* RMSettingsViewController.swift */,
			);
			path = Core;
			sourceTree = "<group>";
		};
/* End PBXGroup section */

/* Begin PBXNativeTarget section */
		63186C7F2A543E8200F4AD28 /* RickAndMorty */ = {
			isa = PBXNativeTarget;
			buildConfigurationList = 63186C942A543E8400F4AD28 /* Build configuration list for PBXNativeTarget "RickAndMorty" */;
			buildPhases = (
				63186C7C2A543E8200F4AD28 /* Sources */,
				63186C7D2A543E8200F4AD28 /* Frameworks */,
				63186C7E2A543E8200F4AD28 /* Resources */,
			);
			buildRules = (
			);
			dependencies = (
			);
			name = RickAndMorty;
			productName = RickAndMorty;
			productReference = 63186C802A543E8200F4AD28 /* RickAndMorty.app */;
			productType = "com.apple.product-type.application";
		};
/* End PBXNativeTarget section */

/* Begin PBXProject section */
		63186C782A543E8200F4AD28 /* Project object */ = {
			isa = PBXProject;
			attributes = {
				BuildIndependentTargetsInParallel = 1;
				LastSwiftUpdateCheck = 1420;
				LastUpgradeCheck = 1420;
				TargetAttributes = {
					63186C7F2A543E8200F4AD28 = {
						CreatedOnToolsVersion = 14.2;
					};
				};
			};
			buildConfigurationList = 63186C7B2A543E8200F4AD28 /* Build configuration list for PBXProject "RickAndMorty" */;
			compatibilityVersion = "Xcode 14.0";
			developmentRegion = en;
			hasScannedForEncodings = 0;
			knownRegions = (
				en,
				Base,
			);
			mainGroup = 63186C772A543E8200F4AD28;
			productRefGroup = 63186C812A543E8200F4AD28 /* Products */;
			projectDirPath = "";
			projectRoot = "";
			targets = (
				63186C7F2A543E8200F4AD28 /* RickAndMorty */,
			);
		};
/* End PBXProject section */

/* Begin PBXResourcesBuildPhase section */
		63186C7E2A543E8200F4AD28 /* Resources */ = {
			isa = PBXResourcesBuildPhase;
			buildActionMask = 2147483647;
			files = (
				63186C902A543E8400F4AD28 /* LaunchScreen.storyboard in Resources */,
				63186C8D2A543E8400F4AD28 /* Assets.xcassets in Resources */,
			);
			runOnlyForDeploymentPostprocessing = 0;
		};
/* End PBXResourcesBuildPhase section */

/* Begin PBXSourcesBuildPhase section */
		63186C7C2A543E8200F4AD28 /* Sources */ = {
			isa = PBXSourcesBuildPhase;
			buildActionMask = 2147483647;
			files = (
				63186CA82A5444AE00F4AD28 /* RMLocationViewController.swift in Sources */,
				63186CA32A54435E00F4AD28 /* RMEpisode.swift in Sources */,
				63186C882A543E8200F4AD28 /* RMTabBarController.swift in Sources */,
				63186CAA2A5444D400F4AD28 /* RMEpisodeViewController.swift in Sources */,
				63186C842A543E8200F4AD28 /* AppDelegate.swift in Sources */,
				63186C862A543E8200F4AD28 /* SceneDelegate.swift in Sources */,
				63186CAC2A5444E700F4AD28 /* RMSettingsViewController.swift in Sources */,
				63186C9F2A54432C00F4AD28 /* RMLocation.swift in Sources */,
				63186CA12A54434400F4AD28 /* RMCharacter.swift in Sources */,
				63186CA62A54449000F4AD28 /* RMCharacterViewController.swift in Sources */,
			);
			runOnlyForDeploymentPostprocessing = 0;
		};
/* End PBXSourcesBuildPhase section */

/* Begin PBXVariantGroup section */
		63186C8E2A543E8400F4AD28 /* LaunchScreen.storyboard */ = {
			isa = PBXVariantGroup;
			children = (
				63186C8F2A543E8400F4AD28 /* Base */,
			);
			name = LaunchScreen.storyboard;
			sourceTree = "<group>";
		};
/* End PBXVariantGroup section */

/* Begin XCBuildConfiguration section */
		63186C922A543E8400F4AD28 /* Debug */ = {
			isa = XCBuildConfiguration;
			buildSettings = {
				ALWAYS_SEARCH_USER_PATHS = NO;
				CLANG_ANALYZER_NONNULL = YES;
				CLANG_ANALYZER_NUMBER_OBJECT_CONVERSION = YES_AGGRESSIVE;
				CLANG_CXX_LANGUAGE_STANDARD = "gnu++20";
				CLANG_ENABLE_MODULES = YES;
				CLANG_ENABLE_OBJC_ARC = YES;
				CLANG_ENABLE_OBJC_WEAK = YES;
				CLANG_WARN_BLOCK_CAPTURE_AUTORELEASING = YES;
				CLANG_WARN_BOOL_CONVERSION = YES;
				CLANG_WARN_COMMA = YES;
				CLANG_WARN_CONSTANT_CONVERSION = YES;
				CLANG_WARN_DEPRECATED_OBJC_IMPLEMENTATIONS = YES;
				CLANG_WARN_DIRECT_OBJC_ISA_USAGE = YES_ERROR;
				CLANG_WARN_DOCUMENTATION_COMMENTS = YES;
				CLANG_WARN_EMPTY_BODY = YES;
				CLANG_WARN_ENUM_CONVERSION = YES;
				CLANG_WARN_INFINITE_RECURSION = YES;
				CLANG_WARN_INT_CONVERSION = YES;
				CLANG_WARN_NON_LITERAL_NULL_CONVERSION = YES;
				CLANG_WARN_OBJC_IMPLICIT_RETAIN_SELF = YES;
				CLANG_WARN_OBJC_LITERAL_CONVERSION = YES;
				CLANG_WARN_OBJC_ROOT_CLASS = YES_ERROR;
				CLANG_WARN_QUOTED_INCLUDE_IN_FRAMEWORK_HEADER = YES;
				CLANG_WARN_RANGE_LOOP_ANALYSIS = YES;
				CLANG_WARN_STRICT_PROTOTYPES = YES;
				CLANG_WARN_SUSPICIOUS_MOVE = YES;
				CLANG_WARN_UNGUARDED_AVAILABILITY = YES_AGGRESSIVE;
				CLANG_WARN_UNREACHABLE_CODE = YES;
				CLANG_WARN__DUPLICATE_METHOD_MATCH = YES;
				COPY_PHASE_STRIP = NO;
				DEBUG_INFORMATION_FORMAT = dwarf;
				ENABLE_STRICT_OBJC_MSGSEND = YES;
				ENABLE_TESTABILITY = YES;
				GCC_C_LANGUAGE_STANDARD = gnu11;
				GCC_DYNAMIC_NO_PIC = NO;
				GCC_NO_COMMON_BLOCKS = YES;
				GCC_OPTIMIZATION_LEVEL = 0;
				GCC_PREPROCESSOR_DEFINITIONS = (
					"DEBUG=1",
					"$(inherited)",
				);
				GCC_WARN_64_TO_32_BIT_CONVERSION = YES;
				GCC_WARN_ABOUT_RETURN_TYPE = YES_ERROR;
				GCC_WARN_UNDECLARED_SELECTOR = YES;
				GCC_WARN_UNINITIALIZED_AUTOS = YES_AGGRESSIVE;
				GCC_WARN_UNUSED_FUNCTION = YES;
				GCC_WARN_UNUSED_VARIABLE = YES;
				IPHONEOS_DEPLOYMENT_TARGET = 16.2;
				MTL_ENABLE_DEBUG_INFO = INCLUDE_SOURCE;
				MTL_FAST_MATH = YES;
				ONLY_ACTIVE_ARCH = YES;
				SDKROOT = iphoneos;
				SWIFT_ACTIVE_COMPILATION_CONDITIONS = DEBUG;
				SWIFT_OPTIMIZATION_LEVEL = "-Onone";
			};
			name = Debug;
		};
		63186C932A543E8400F4AD28 /* Release */ = {
			isa = XCBuildConfiguration;
			buildSettings = {
				ALWAYS_SEARCH_USER_PATHS = NO;
				CLANG_ANALYZER_NONNULL = YES;
				CLANG_ANALYZER_NUMBER_OBJECT_CONVERSION = YES_AGGRESSIVE;
				CLANG_CXX_LANGUAGE_STANDARD = "gnu++20";
				CLANG_ENABLE_MODULES = YES;
				CLANG_ENABLE_OBJC_ARC = YES;
				CLANG_ENABLE_OBJC_WEAK = YES;
				CLANG_WARN_BLOCK_CAPTURE_AUTORELEASING = YES;
				CLANG_WARN_BOOL_CONVERSION = YES;
				CLANG_WARN_COMMA = YES;
				CLANG_WARN_CONSTANT_CONVERSION = YES;
				CLANG_WARN_DEPRECATED_OBJC_IMPLEMENTATIONS = YES;
				CLANG_WARN_DIRECT_OBJC_ISA_USAGE = YES_ERROR;
				CLANG_WARN_DOCUMENTATION_COMMENTS = YES;
				CLANG_WARN_EMPTY_BODY = YES;
				CLANG_WARN_ENUM_CONVERSION = YES;
				CLANG_WARN_INFINITE_RECURSION = YES;
				CLANG_WARN_INT_CONVERSION = YES;
				CLANG_WARN_NON_LITERAL_NULL_CONVERSION = YES;
				CLANG_WARN_OBJC_IMPLICIT_RETAIN_SELF = YES;
				CLANG_WARN_OBJC_LITERAL_CONVERSION = YES;
				CLANG_WARN_OBJC_ROOT_CLASS = YES_ERROR;
				CLANG_WARN_QUOTED_INCLUDE_IN_FRAMEWORK_HEADER = YES;
				CLANG_WARN_RANGE_LOOP_ANALYSIS = YES;
				CLANG_WARN_STRICT_PROTOTYPES = YES;
				CLANG_WARN_SUSPICIOUS_MOVE = YES;
				CLANG_WARN_UNGUARDED_AVAILABILITY = YES_AGGRESSIVE;
				CLANG_WARN_UNREACHABLE_CODE = YES;
				CLANG_WARN__DUPLICATE_METHOD_MATCH = YES;
				COPY_PHASE_STRIP = NO;
				DEBUG_INFORMATION_FORMAT = "dwarf-with-dsym";
				ENABLE_NS_ASSERTIONS = NO;
				ENABLE_STRICT_OBJC_MSGSEND = YES;
				GCC_C_LANGUAGE_STANDARD = gnu11;
				GCC_NO_COMMON_BLOCKS = YES;
				GCC_WARN_64_TO_32_BIT_CONVERSION = YES;
				GCC_WARN_ABOUT_RETURN_TYPE = YES_ERROR;
				GCC_WARN_UNDECLARED_SELECTOR = YES;
				GCC_WARN_UNINITIALIZED_AUTOS = YES_AGGRESSIVE;
				GCC_WARN_UNUSED_FUNCTION = YES;
				GCC_WARN_UNUSED_VARIABLE = YES;
				IPHONEOS_DEPLOYMENT_TARGET = 16.2;
				MTL_ENABLE_DEBUG_INFO = NO;
				MTL_FAST_MATH = YES;
				SDKROOT = iphoneos;
				SWIFT_COMPILATION_MODE = wholemodule;
				SWIFT_OPTIMIZATION_LEVEL = "-O";
				VALIDATE_PRODUCT = YES;
			};
			name = Release;
		};
		63186C952A543E8400F4AD28 /* Debug */ = {
			isa = XCBuildConfiguration;
			buildSettings = {
				ASSETCATALOG_COMPILER_APPICON_NAME = AppIcon;
				ASSETCATALOG_COMPILER_GLOBAL_ACCENT_COLOR_NAME = AccentColor;
				CODE_SIGN_STYLE = Automatic;
				CURRENT_PROJECT_VERSION = 1;
				DEVELOPMENT_TEAM = HD3Z2H8T5S;
				GENERATE_INFOPLIST_FILE = YES;
				INFOPLIST_FILE = RickAndMorty/Info.plist;
				INFOPLIST_KEY_UIApplicationSupportsIndirectInputEvents = YES;
				INFOPLIST_KEY_UILaunchStoryboardName = LaunchScreen;
				INFOPLIST_KEY_UISupportedInterfaceOrientations_iPad = "UIInterfaceOrientationPortrait UIInterfaceOrientationPortraitUpsideDown UIInterfaceOrientationLandscapeLeft UIInterfaceOrientationLandscapeRight";
				INFOPLIST_KEY_UISupportedInterfaceOrientations_iPhone = "UIInterfaceOrientationPortrait UIInterfaceOrientationLandscapeLeft UIInterfaceOrientationLandscapeRight";
				LD_RUNPATH_SEARCH_PATHS = (
					"$(inherited)",
					"@executable_path/Frameworks",
				);
				MARKETING_VERSION = 1.0;
				PRODUCT_BUNDLE_IDENTIFIER = com.xxday.RickAndMorty;
				PRODUCT_NAME = "$(TARGET_NAME)";
				SWIFT_EMIT_LOC_STRINGS = YES;
				SWIFT_VERSION = 5.0;
				TARGETED_DEVICE_FAMILY = "1,2";
			};
			name = Debug;
		};
		63186C962A543E8400F4AD28 /* Release */ = {
			isa = XCBuildConfiguration;
			buildSettings = {
				ASSETCATALOG_COMPILER_APPICON_NAME = AppIcon;
				ASSETCATALOG_COMPILER_GLOBAL_ACCENT_COLOR_NAME = AccentColor;
				CODE_SIGN_STYLE = Automatic;
				CURRENT_PROJECT_VERSION = 1;
				DEVELOPMENT_TEAM = HD3Z2H8T5S;
				GENERATE_INFOPLIST_FILE = YES;
				INFOPLIST_FILE = RickAndMorty/Info.plist;
				INFOPLIST_KEY_UIApplicationSupportsIndirectInputEvents = YES;
				INFOPLIST_KEY_UILaunchStoryboardName = LaunchScreen;
				INFOPLIST_KEY_UISupportedInterfaceOrientations_iPad = "UIInterfaceOrientationPortrait UIInterfaceOrientationPortraitUpsideDown UIInterfaceOrientationLandscapeLeft UIInterfaceOrientationLandscapeRight";
				INFOPLIST_KEY_UISupportedInterfaceOrientations_iPhone = "UIInterfaceOrientationPortrait UIInterfaceOrientationLandscapeLeft UIInterfaceOrientationLandscapeRight";
				LD_RUNPATH_SEARCH_PATHS = (
					"$(inherited)",
					"@executable_path/Frameworks",
				);
				MARKETING_VERSION = 1.0;
				PRODUCT_BUNDLE_IDENTIFIER = com.xxday.RickAndMorty;
				PRODUCT_NAME = "$(TARGET_NAME)";
				SWIFT_EMIT_LOC_STRINGS = YES;
				SWIFT_VERSION = 5.0;
				TARGETED_DEVICE_FAMILY = "1,2";
			};
			name = Release;
		};
/* End XCBuildConfiguration section */

/* Begin XCConfigurationList section */
		63186C7B2A543E8200F4AD28 /* Build configuration list for PBXProject "RickAndMorty" */ = {
			isa = XCConfigurationList;
			buildConfigurations = (
				63186C922A543E8400F4AD28 /* Debug */,
				63186C932A543E8400F4AD28 /* Release */,
			);
			defaultConfigurationIsVisible = 0;
			defaultConfigurationName = Release;
		};
		63186C942A543E8400F4AD28 /* Build configuration list for PBXNativeTarget "RickAndMorty" */ = {
			isa = XCConfigurationList;
			buildConfigurations = (
				63186C952A543E8400F4AD28 /* Debug */,
				63186C962A543E8400F4AD28 /* Release */,
			);
			defaultConfigurationIsVisible = 0;
			defaultConfigurationName = Release;
		};
/* End XCConfigurationList section */
	};
	rootObject = 63186C782A543E8200F4AD28 /* Project object */;
}
